
Microsoft Visual Studio Solution File, Format Version 12.00
# Visual Studio Version 16
VisualStudioVersion = 16.0.31112.23
MinimumVisualStudioVersion = 10.0.40219.1
Project("{FAE04EC0-301F-11D3-BF4B-00C04F79EFBC}") = "3D-Shapes-MorePoly", "3D-Shapes-MorePoly\3D-Shapes-MorePoly.csproj", "{EA77AB6B-A516-4506-A3D2-D6062DE59B1D}"
EndProject
Global
	GlobalSection(SolutionConfigurationPlatforms) = preSolution
		Debug|Any CPU = Debug|Any CPU
		Release|Any CPU = Release|Any CPU
	EndGlobalSection
	GlobalSection(ProjectConfigurationPlatforms) = postSolution
		{EA77AB6B-A516-4506-A3D2-D6062DE59B1D}.Debug|Any CPU.ActiveCfg = Debug|Any CPU
		{EA77AB6B-A516-4506-A3D2-D6062DE59B1D}.Debug|Any CPU.Build.0 = Debug|Any CPU
		{EA77AB6B-A516-4506-A3D2-D6062DE59B1D}.Release|Any CPU.ActiveCfg = Release|Any CPU
		{EA77AB6B-A516-4506-A3D2-D6062DE59B1D}.Release|Any CPU.Build.0 = Release|Any CPU
	EndGlobalSection
	GlobalSection(SolutionProperties) = preSolution
		HideSolutionNode = FALSE
	EndGlobalSection
	GlobalSection(ExtensibilityGlobals) = postSolution
		SolutionGuid = {653C9F83-7EBB-43AA-86DC-7E4DDBA8C239}
	EndGlobalSection
EndGlobal
